
Microsoft Visual Studio Solution File, Format Version 12.00
# Visual Studio Version 17
VisualStudioVersion = 17.5.002.0
MinimumVisualStudioVersion = 10.0.40219.1
Project("{9A19103F-16F7-4668-BE54-9A1E7A4F7556}") = "API", "API.csproj", "{097EC07E-2256-4BD9-A104-0DA7AD3EBACA}"
EndProject
Global
	GlobalSection(SolutionConfigurationPlatforms) = preSolution
		Debug|Any CPU = Debug|Any CPU
		Release|Any CPU = Release|Any CPU
	EndGlobalSection
	GlobalSection(ProjectConfigurationPlatforms) = postSolution
		{097EC07E-2256-4BD9-A104-0DA7AD3EBACA}.Debug|Any CPU.ActiveCfg = Debug|Any CPU
		{097EC07E-2256-4BD9-A104-0DA7AD3EBACA}.Debug|Any CPU.Build.0 = Debug|Any CPU
		{097EC07E-2256-4BD9-A104-0DA7AD3EBACA}.Release|Any CPU.ActiveCfg = Release|Any CPU
		{097EC07E-2256-4BD9-A104-0DA7AD3EBACA}.Release|Any CPU.Build.0 = Release|Any CPU
	EndGlobalSection
	GlobalSection(SolutionProperties) = preSolution
		HideSolutionNode = FALSE
	EndGlobalSection
	GlobalSection(ExtensibilityGlobals) = postSolution
		SolutionGuid = {C3C0CCFB-6732-4D47-97CF-91DBF62C0E2E}
	EndGlobalSection
EndGlobal
